// !$*UTF8*$!
{
	archiveVersion = 1;
	classes = {
	};
	objectVersion = 60;
	objects = {

/* Begin PBXBuildFile section */
		AC48C4B42CAF1F9A0080ADE3 /* AppDelegate.swift in Sources */ = {isa = PBXBuildFile; fileRef = AC48C4A92CAF1F9A0080ADE3 /* AppDelegate.swift */; };
		AC48C4B52CAF1F9A0080ADE3 /* NextPaywallConfiguration.swift in Sources */ = {isa = PBXBuildFile; fileRef = AC48C4B02CAF1F9A0080ADE3 /* NextPaywallConfiguration.swift */; };
		AC48C4B62CAF1F9A0080ADE3 /* SceneDelegate.swift in Sources */ = {isa = PBXBuildFile; fileRef = AC48C4B12CAF1F9A0080ADE3 /* SceneDelegate.swift */; };
		AC48C4B72CAF1F9A0080ADE3 /* ViewController.swift in Sources */ = {isa = PBXBuildFile; fileRef = AC48C4B22CAF1F9A0080ADE3 /* ViewController.swift */; };
		AC48C4B82CAF1F9A0080ADE3 /* Assets.xcassets in Resources */ = {isa = PBXBuildFile; fileRef = AC48C4AA2CAF1F9A0080ADE3 /* Assets.xcassets */; };
		AC48C4BA2CAF1F9A0080ADE3 /* LaunchScreen.storyboard in Resources */ = {isa = PBXBuildFile; fileRef = AC48C4AD2CAF1F9A0080ADE3 /* LaunchScreen.storyboard */; };
		AC48C4BB2CAF1F9A0080ADE3 /* Main.storyboard in Resources */ = {isa = PBXBuildFile; fileRef = AC48C4AF2CAF1F9A0080ADE3 /* Main.storyboard */; };
		ACB705522CAEE84500236EB5 /* NextPaywallPublic in Frameworks */ = {isa = PBXBuildFile; productRef = ACB705512CAEE84500236EB5 /* NextPaywallPublic */; };
		ACE851B72CAF240D00CB2731 /* NextPaywallPublic in Frameworks */ = {isa = PBXBuildFile; productRef = ACE851B62CAF240D00CB2731 /* NextPaywallPublic */; };
/* End PBXBuildFile section */

/* Begin PBXCopyFilesBuildPhase section */
		AC5812512CAEDEC900909659 /* Embed Frameworks */ = {
			isa = PBXCopyFilesBuildPhase;
			buildActionMask = 2147483647;
			dstPath = "";
			dstSubfolderSpec = 10;
			files = (
			);
			name = "Embed Frameworks";
			runOnlyForDeploymentPostprocessing = 0;
		};
/* End PBXCopyFilesBuildPhase section */

/* Begin PBXFileReference section */
		AC00B1F62CA9E331004975BD /* Test.app */ = {isa = PBXFileReference; explicitFileType = wrapper.application; includeInIndex = 0; path = Test.app; sourceTree = BUILT_PRODUCTS_DIR; };
		AC48C4A92CAF1F9A0080ADE3 /* AppDelegate.swift */ = {isa = PBXFileReference; lastKnownFileType = sourcecode.swift; path = AppDelegate.swift; sourceTree = "<group>"; };
		AC48C4AA2CAF1F9A0080ADE3 /* Assets.xcassets */ = {isa = PBXFileReference; lastKnownFileType = folder.assetcatalog; path = Assets.xcassets; sourceTree = "<group>"; };
		AC48C4AB2CAF1F9A0080ADE3 /* Info.plist */ = {isa = PBXFileReference; lastKnownFileType = text.plist.xml; path = Info.plist; sourceTree = "<group>"; };
		AC48C4AC2CAF1F9A0080ADE3 /* Base */ = {isa = PBXFileReference; lastKnownFileType = file.storyboard; name = Base; path = Base.lproj/LaunchScreen.storyboard; sourceTree = "<group>"; };
		AC48C4AE2CAF1F9A0080ADE3 /* Base */ = {isa = PBXFileReference; lastKnownFileType = file.storyboard; name = Base; path = Base.lproj/Main.storyboard; sourceTree = "<group>"; };
		AC48C4B02CAF1F9A0080ADE3 /* NextPaywallConfiguration.swift */ = {isa = PBXFileReference; lastKnownFileType = sourcecode.swift; path = NextPaywallConfiguration.swift; sourceTree = "<group>"; };
		AC48C4B12CAF1F9A0080ADE3 /* SceneDelegate.swift */ = {isa = PBXFileReference; lastKnownFileType = sourcecode.swift; path = SceneDelegate.swift; sourceTree = "<group>"; };
		AC48C4B22CAF1F9A0080ADE3 /* ViewController.swift */ = {isa = PBXFileReference; lastKnownFileType = sourcecode.swift; path = ViewController.swift; sourceTree = "<group>"; };
/* End PBXFileReference section */

/* Begin PBXFrameworksBuildPhase section */
		AC00B1F32CA9E331004975BD /* Frameworks */ = {
			isa = PBXFrameworksBuildPhase;
			buildActionMask = 2147483647;
			files = (
				ACB705522CAEE84500236EB5 /* NextPaywallPublic in Frameworks */,
				ACE851B72CAF240D00CB2731 /* NextPaywallPublic in Frameworks */,
			);
			runOnlyForDeploymentPostprocessing = 0;
		};
/* End PBXFrameworksBuildPhase section */

/* Begin PBXGroup section */
		AC00B1ED2CA9E331004975BD = {
			isa = PBXGroup;
			children = (
				AC48C4B32CAF1F9A0080ADE3 /* Example */,
				AC5812372CAEDBD500909659 /* Frameworks */,
				AC00B1F72CA9E331004975BD /* Products */,
			);
			sourceTree = "<group>";
		};
		AC00B1F72CA9E331004975BD /* Products */ = {
			isa = PBXGroup;
			children = (
				AC00B1F62CA9E331004975BD /* Test.app */,
			);
			name = Products;
			sourceTree = "<group>";
		};
		AC48C4B32CAF1F9A0080ADE3 /* Example */ = {
			isa = PBXGroup;
			children = (
				AC48C4A92CAF1F9A0080ADE3 /* AppDelegate.swift */,
				AC48C4AA2CAF1F9A0080ADE3 /* Assets.xcassets */,
				AC48C4AB2CAF1F9A0080ADE3 /* Info.plist */,
				AC48C4AD2CAF1F9A0080ADE3 /* LaunchScreen.storyboard */,
				AC48C4AF2CAF1F9A0080ADE3 /* Main.storyboard */,
				AC48C4B02CAF1F9A0080ADE3 /* NextPaywallConfiguration.swift */,
				AC48C4B12CAF1F9A0080ADE3 /* SceneDelegate.swift */,
				AC48C4B22CAF1F9A0080ADE3 /* ViewController.swift */,
			);
			path = Example;
			sourceTree = "<group>";
		};
		AC5812372CAEDBD500909659 /* Frameworks */ = {
			isa = PBXGroup;
			children = (
			);
			name = Frameworks;
			sourceTree = "<group>";
		};
/* End PBXGroup section */

/* Begin PBXNativeTarget section */
		AC00B1F52CA9E331004975BD /* Test */ = {
			isa = PBXNativeTarget;
			buildConfigurationList = AC00B2092CA9E332004975BD /* Build configuration list for PBXNativeTarget "Test" */;
			buildPhases = (
				AC00B1F22CA9E331004975BD /* Sources */,
				AC00B1F32CA9E331004975BD /* Frameworks */,
				AC00B1F42CA9E331004975BD /* Resources */,
				AC5812512CAEDEC900909659 /* Embed Frameworks */,
			);
			buildRules = (
			);
			dependencies = (
			);
			name = Test;
			packageProductDependencies = (
				ACB705512CAEE84500236EB5 /* NextPaywallPublic */,
				ACE851B62CAF240D00CB2731 /* NextPaywallPublic */,
			);
			productName = Test;
			productReference = AC00B1F62CA9E331004975BD /* Test.app */;
			productType = "com.apple.product-type.application";
		};
/* End PBXNativeTarget section */

/* Begin PBXProject section */
		AC00B1EE2CA9E331004975BD /* Project object */ = {
			isa = PBXProject;
			attributes = {
				BuildIndependentTargetsInParallel = 1;
				LastSwiftUpdateCheck = 1600;
				LastUpgradeCheck = 1600;
				TargetAttributes = {
					AC00B1F52CA9E331004975BD = {
						CreatedOnToolsVersion = 16.0;
					};
				};
			};
			buildConfigurationList = AC00B1F12CA9E331004975BD /* Build configuration list for PBXProject "Example" */;
			compatibilityVersion = "Xcode 14.0";
			developmentRegion = en;
			hasScannedForEncodings = 0;
			knownRegions = (
				en,
				Base,
			);
			mainGroup = AC00B1ED2CA9E331004975BD;
			packageReferences = (
				ACE851B52CAF240D00CB2731 /* XCLocalSwiftPackageReference "../../NextPaywallPublic" */,
			);
			productRefGroup = AC00B1F72CA9E331004975BD /* Products */;
			projectDirPath = "";
			projectRoot = "";
			targets = (
				AC00B1F52CA9E331004975BD /* Test */,
			);
		};
/* End PBXProject section */

/* Begin PBXResourcesBuildPhase section */
		AC00B1F42CA9E331004975BD /* Resources */ = {
			isa = PBXResourcesBuildPhase;
			buildActionMask = 2147483647;
			files = (
				AC48C4B82CAF1F9A0080ADE3 /* Assets.xcassets in Resources */,
				AC48C4BA2CAF1F9A0080ADE3 /* LaunchScreen.storyboard in Resources */,
				AC48C4BB2CAF1F9A0080ADE3 /* Main.storyboard in Resources */,
			);
			runOnlyForDeploymentPostprocessing = 0;
		};
/* End PBXResourcesBuildPhase section */

/* Begin PBXSourcesBuildPhase section */
		AC00B1F22CA9E331004975BD /* Sources */ = {
			isa = PBXSourcesBuildPhase;
			buildActionMask = 2147483647;
			files = (
				AC48C4B42CAF1F9A0080ADE3 /* AppDelegate.swift in Sources */,
				AC48C4B52CAF1F9A0080ADE3 /* NextPaywallConfiguration.swift in Sources */,
				AC48C4B62CAF1F9A0080ADE3 /* SceneDelegate.swift in Sources */,
				AC48C4B72CAF1F9A0080ADE3 /* ViewController.swift in Sources */,
			);
			runOnlyForDeploymentPostprocessing = 0;
		};
/* End PBXSourcesBuildPhase section */

/* Begin PBXVariantGroup section */
		AC48C4AD2CAF1F9A0080ADE3 /* LaunchScreen.storyboard */ = {
			isa = PBXVariantGroup;
			children = (
				AC48C4AC2CAF1F9A0080ADE3 /* Base */,
			);
			name = LaunchScreen.storyboard;
			sourceTree = "<group>";
		};
		AC48C4AF2CAF1F9A0080ADE3 /* Main.storyboard */ = {
			isa = PBXVariantGroup;
			children = (
				AC48C4AE2CAF1F9A0080ADE3 /* Base */,
			);
			name = Main.storyboard;
			sourceTree = "<group>";
		};
/* End PBXVariantGroup section */

/* Begin XCBuildConfiguration section */
		AC00B20A2CA9E332004975BD /* Debug */ = {
			isa = XCBuildConfiguration;
			buildSettings = {
				ASSETCATALOG_COMPILER_APPICON_NAME = AppIcon;
				ASSETCATALOG_COMPILER_GLOBAL_ACCENT_COLOR_NAME = AccentColor;
				CODE_SIGN_STYLE = Manual;
				CURRENT_PROJECT_VERSION = 1;
				DEVELOPMENT_TEAM = "";
				GENERATE_INFOPLIST_FILE = YES;
				INFOPLIST_FILE = Example/Info.plist;
				INFOPLIST_KEY_UIApplicationSupportsIndirectInputEvents = YES;
				INFOPLIST_KEY_UILaunchStoryboardName = LaunchScreen;
				INFOPLIST_KEY_UIMainStoryboardFile = Main;
				INFOPLIST_KEY_UISupportedInterfaceOrientations_iPad = "UIInterfaceOrientationPortrait UIInterfaceOrientationPortraitUpsideDown UIInterfaceOrientationLandscapeLeft UIInterfaceOrientationLandscapeRight";
				INFOPLIST_KEY_UISupportedInterfaceOrientations_iPhone = "UIInterfaceOrientationPortrait UIInterfaceOrientationLandscapeLeft UIInterfaceOrientationLandscapeRight";
				LD_RUNPATH_SEARCH_PATHS = (
					"$(inherited)",
					"@executable_path/Frameworks",
				);
				MARKETING_VERSION = 1.0;
				PRODUCT_BUNDLE_IDENTIFIER = com.lightapps.example;
				PRODUCT_NAME = "$(TARGET_NAME)";
				PROVISIONING_PROFILE_SPECIFIER = "";
				SUPPORTED_PLATFORMS = "iphoneos iphonesimulator";
				SUPPORTS_MACCATALYST = NO;
				SUPPORTS_MAC_DESIGNED_FOR_IPHONE_IPAD = NO;
				SUPPORTS_XR_DESIGNED_FOR_IPHONE_IPAD = NO;
				SWIFT_EMIT_LOC_STRINGS = YES;
				SWIFT_VERSION = 5.0;
				TARGETED_DEVICE_FAMILY = 1;
			};
			name = Debug;
		};
		AC00B20B2CA9E332004975BD /* Release */ = {
			isa = XCBuildConfiguration;
			buildSettings = {
				ASSETCATALOG_COMPILER_APPICON_NAME = AppIcon;
				ASSETCATALOG_COMPILER_GLOBAL_ACCENT_COLOR_NAME = AccentColor;
				CODE_SIGN_STYLE = Manual;
				CURRENT_PROJECT_VERSION = 1;
				DEVELOPMENT_TEAM = "";
				GENERATE_INFOPLIST_FILE = YES;
				INFOPLIST_FILE = Example/Info.plist;
				INFOPLIST_KEY_UIApplicationSupportsIndirectInputEvents = YES;
				INFOPLIST_KEY_UILaunchStoryboardName = LaunchScreen;
				INFOPLIST_KEY_UIMainStoryboardFile = Main;
				INFOPLIST_KEY_UISupportedInterfaceOrientations_iPad = "UIInterfaceOrientationPortrait UIInterfaceOrientationPortraitUpsideDown UIInterfaceOrientationLandscapeLeft UIInterfaceOrientationLandscapeRight";
				INFOPLIST_KEY_UISupportedInterfaceOrientations_iPhone = "UIInterfaceOrientationPortrait UIInterfaceOrientationLandscapeLeft UIInterfaceOrientationLandscapeRight";
				LD_RUNPATH_SEARCH_PATHS = (
					"$(inherited)",
					"@executable_path/Frameworks",
				);
				MARKETING_VERSION = 1.0;
				PRODUCT_BUNDLE_IDENTIFIER = com.lightapps.example;
				PRODUCT_NAME = "$(TARGET_NAME)";
				PROVISIONING_PROFILE_SPECIFIER = "";
				SUPPORTED_PLATFORMS = "iphoneos iphonesimulator";
				SUPPORTS_MACCATALYST = NO;
				SUPPORTS_MAC_DESIGNED_FOR_IPHONE_IPAD = NO;
				SUPPORTS_XR_DESIGNED_FOR_IPHONE_IPAD = NO;
				SWIFT_EMIT_LOC_STRINGS = YES;
				SWIFT_VERSION = 5.0;
				TARGETED_DEVICE_FAMILY = 1;
			};
			name = Release;
		};
		AC00B20C2CA9E332004975BD /* Debug */ = {
			isa = XCBuildConfiguration;
			buildSettings = {
				ALWAYS_SEARCH_USER_PATHS = NO;
				ASSETCATALOG_COMPILER_GENERATE_SWIFT_ASSET_SYMBOL_EXTENSIONS = YES;
				CLANG_ANALYZER_NONNULL = YES;
				CLANG_ANALYZER_NUMBER_OBJECT_CONVERSION = YES_AGGRESSIVE;
				CLANG_CXX_LANGUAGE_STANDARD = "gnu++20";
				CLANG_ENABLE_MODULES = YES;
				CLANG_ENABLE_OBJC_ARC = YES;
				CLANG_ENABLE_OBJC_WEAK = YES;
				CLANG_WARN_BLOCK_CAPTURE_AUTORELEASING = YES;
				CLANG_WARN_BOOL_CONVERSION = YES;
				CLANG_WARN_COMMA = YES;
				CLANG_WARN_CONSTANT_CONVERSION = YES;
				CLANG_WARN_DEPRECATED_OBJC_IMPLEMENTATIONS = YES;
				CLANG_WARN_DIRECT_OBJC_ISA_USAGE = YES_ERROR;
				CLANG_WARN_DOCUMENTATION_COMMENTS = YES;
				CLANG_WARN_EMPTY_BODY = YES;
				CLANG_WARN_ENUM_CONVERSION = YES;
				CLANG_WARN_INFINITE_RECURSION = YES;
				CLANG_WARN_INT_CONVERSION = YES;
				CLANG_WARN_NON_LITERAL_NULL_CONVERSION = YES;
				CLANG_WARN_OBJC_IMPLICIT_RETAIN_SELF = YES;
				CLANG_WARN_OBJC_LITERAL_CONVERSION = YES;
				CLANG_WARN_OBJC_ROOT_CLASS = YES_ERROR;
				CLANG_WARN_QUOTED_INCLUDE_IN_FRAMEWORK_HEADER = YES;
				CLANG_WARN_RANGE_LOOP_ANALYSIS = YES;
				CLANG_WARN_STRICT_PROTOTYPES = YES;
				CLANG_WARN_SUSPICIOUS_MOVE = YES;
				CLANG_WARN_UNGUARDED_AVAILABILITY = YES_AGGRESSIVE;
				CLANG_WARN_UNREACHABLE_CODE = YES;
				CLANG_WARN__DUPLICATE_METHOD_MATCH = YES;
				COPY_PHASE_STRIP = NO;
				DEBUG_INFORMATION_FORMAT = dwarf;
				ENABLE_STRICT_OBJC_MSGSEND = YES;
				ENABLE_TESTABILITY = YES;
				ENABLE_USER_SCRIPT_SANDBOXING = YES;
				GCC_C_LANGUAGE_STANDARD = gnu17;
				GCC_DYNAMIC_NO_PIC = NO;
				GCC_NO_COMMON_BLOCKS = YES;
				GCC_OPTIMIZATION_LEVEL = 0;
				GCC_PREPROCESSOR_DEFINITIONS = (
					"DEBUG=1",
					"$(inherited)",
				);
				GCC_WARN_64_TO_32_BIT_CONVERSION = YES;
				GCC_WARN_ABOUT_RETURN_TYPE = YES_ERROR;
				GCC_WARN_UNDECLARED_SELECTOR = YES;
				GCC_WARN_UNINITIALIZED_AUTOS = YES_AGGRESSIVE;
				GCC_WARN_UNUSED_FUNCTION = YES;
				GCC_WARN_UNUSED_VARIABLE = YES;
				IPHONEOS_DEPLOYMENT_TARGET = 18.0;
				LOCALIZATION_PREFERS_STRING_CATALOGS = YES;
				MTL_ENABLE_DEBUG_INFO = INCLUDE_SOURCE;
				MTL_FAST_MATH = YES;
				ONLY_ACTIVE_ARCH = YES;
				SDKROOT = iphoneos;
				SWIFT_ACTIVE_COMPILATION_CONDITIONS = "DEBUG $(inherited)";
				SWIFT_OPTIMIZATION_LEVEL = "-Onone";
			};
			name = Debug;
		};
		AC00B20D2CA9E332004975BD /* Release */ = {
			isa = XCBuildConfiguration;
			buildSettings = {
				ALWAYS_SEARCH_USER_PATHS = NO;
				ASSETCATALOG_COMPILER_GENERATE_SWIFT_ASSET_SYMBOL_EXTENSIONS = YES;
				CLANG_ANALYZER_NONNULL = YES;
				CLANG_ANALYZER_NUMBER_OBJECT_CONVERSION = YES_AGGRESSIVE;
				CLANG_CXX_LANGUAGE_STANDARD = "gnu++20";
				CLANG_ENABLE_MODULES = YES;
				CLANG_ENABLE_OBJC_ARC = YES;
				CLANG_ENABLE_OBJC_WEAK = YES;
				CLANG_WARN_BLOCK_CAPTURE_AUTORELEASING = YES;
				CLANG_WARN_BOOL_CONVERSION = YES;
				CLANG_WARN_COMMA = YES;
				CLANG_WARN_CONSTANT_CONVERSION = YES;
				CLANG_WARN_DEPRECATED_OBJC_IMPLEMENTATIONS = YES;
				CLANG_WARN_DIRECT_OBJC_ISA_USAGE = YES_ERROR;
				CLANG_WARN_DOCUMENTATION_COMMENTS = YES;
				CLANG_WARN_EMPTY_BODY = YES;
				CLANG_WARN_ENUM_CONVERSION = YES;
				CLANG_WARN_INFINITE_RECURSION = YES;
				CLANG_WARN_INT_CONVERSION = YES;
				CLANG_WARN_NON_LITERAL_NULL_CONVERSION = YES;
				CLANG_WARN_OBJC_IMPLICIT_RETAIN_SELF = YES;
				CLANG_WARN_OBJC_LITERAL_CONVERSION = YES;
				CLANG_WARN_OBJC_ROOT_CLASS = YES_ERROR;
				CLANG_WARN_QUOTED_INCLUDE_IN_FRAMEWORK_HEADER = YES;
				CLANG_WARN_RANGE_LOOP_ANALYSIS = YES;
				CLANG_WARN_STRICT_PROTOTYPES = YES;
				CLANG_WARN_SUSPICIOUS_MOVE = YES;
				CLANG_WARN_UNGUARDED_AVAILABILITY = YES_AGGRESSIVE;
				CLANG_WARN_UNREACHABLE_CODE = YES;
				CLANG_WARN__DUPLICATE_METHOD_MATCH = YES;
				COPY_PHASE_STRIP = NO;
				DEBUG_INFORMATION_FORMAT = "dwarf-with-dsym";
				ENABLE_NS_ASSERTIONS = NO;
				ENABLE_STRICT_OBJC_MSGSEND = YES;
				ENABLE_USER_SCRIPT_SANDBOXING = YES;
				GCC_C_LANGUAGE_STANDARD = gnu17;
				GCC_NO_COMMON_BLOCKS = YES;
				GCC_WARN_64_TO_32_BIT_CONVERSION = YES;
				GCC_WARN_ABOUT_RETURN_TYPE = YES_ERROR;
				GCC_WARN_UNDECLARED_SELECTOR = YES;
				GCC_WARN_UNINITIALIZED_AUTOS = YES_AGGRESSIVE;
				GCC_WARN_UNUSED_FUNCTION = YES;
				GCC_WARN_UNUSED_VARIABLE = YES;
				IPHONEOS_DEPLOYMENT_TARGET = 18.0;
				LOCALIZATION_PREFERS_STRING_CATALOGS = YES;
				MTL_ENABLE_DEBUG_INFO = NO;
				MTL_FAST_MATH = YES;
				SDKROOT = iphoneos;
				SWIFT_COMPILATION_MODE = wholemodule;
				VALIDATE_PRODUCT = YES;
			};
			name = Release;
		};
/* End XCBuildConfiguration section */

/* Begin XCConfigurationList section */
		AC00B1F12CA9E331004975BD /* Build configuration list for PBXProject "Example" */ = {
			isa = XCConfigurationList;
			buildConfigurations = (
				AC00B20C2CA9E332004975BD /* Debug */,
				AC00B20D2CA9E332004975BD /* Release */,
			);
			defaultConfigurationIsVisible = 0;
			defaultConfigurationName = Release;
		};
		AC00B2092CA9E332004975BD /* Build configuration list for PBXNativeTarget "Test" */ = {
			isa = XCConfigurationList;
			buildConfigurations = (
				AC00B20A2CA9E332004975BD /* Debug */,
				AC00B20B2CA9E332004975BD /* Release */,
			);
			defaultConfigurationIsVisible = 0;
			defaultConfigurationName = Release;
		};
/* End XCConfigurationList section */

/* Begin XCLocalSwiftPackageReference section */
		ACE851B52CAF240D00CB2731 /* XCLocalSwiftPackageReference "../../NextPaywallPublic" */ = {
			isa = XCLocalSwiftPackageReference;
			relativePath = ../../NextPaywallPublic;
		};
/* End XCLocalSwiftPackageReference section */

/* Begin XCSwiftPackageProductDependency section */
		ACB705512CAEE84500236EB5 /* NextPaywallPublic */ = {
			isa = XCSwiftPackageProductDependency;
			productName = NextPaywallPublic;
		};
		ACE851B62CAF240D00CB2731 /* NextPaywallPublic */ = {
			isa = XCSwiftPackageProductDependency;
			productName = NextPaywallPublic;
		};
/* End XCSwiftPackageProductDependency section */
	};
	rootObject = AC00B1EE2CA9E331004975BD /* Project object */;
}
